
Microsoft Visual Studio Solution File, Format Version 12.00
# Visual Studio 15
VisualStudioVersion = 15.0.27703.2000
MinimumVisualStudioVersion = 10.0.40219.1
Project("{8BC9CEB8-8B4A-11D0-8D11-00A0C91BC942}") = "CubeSimulation", "CubeSimulation\CubeSimulation.vcxproj", "{51BCCF3D-0D08-4D68-B681-5DB6C57BEC95}"
EndProject
Global
	GlobalSection(SolutionConfigurationPlatforms) = preSolution
		Debug|x64 = Debug|x64
		Debug|x86 = Debug|x86
		Release|x64 = Release|x64
		Release|x86 = Release|x86
	EndGlobalSection
	GlobalSection(ProjectConfigurationPlatforms) = postSolution
		{51BCCF3D-0D08-4D68-B681-5DB6C57BEC95}.Debug|x64.ActiveCfg = Debug|x64
		{51BCCF3D-0D08-4D68-B681-5DB6C57BEC95}.Debug|x64.Build.0 = Debug|x64
		{51BCCF3D-0D08-4D68-B681-5DB6C57BEC95}.Debug|x86.ActiveCfg = Debug|Win32
		{51BCCF3D-0D08-4D68-B681-5DB6C57BEC95}.Debug|x86.Build.0 = Debug|Win32
		{51BCCF3D-0D08-4D68-B681-5DB6C57BEC95}.Release|x64.ActiveCfg = Release|x64
		{51BCCF3D-0D08-4D68-B681-5DB6C57BEC95}.Release|x64.Build.0 = Release|x64
		{51BCCF3D-0D08-4D68-B681-5DB6C57BEC95}.Release|x86.ActiveCfg = Release|Win32
		{51BCCF3D-0D08-4D68-B681-5DB6C57BEC95}.Release|x86.Build.0 = Release|Win32
	EndGlobalSection
	GlobalSection(SolutionProperties) = preSolution
		HideSolutionNode = FALSE
	EndGlobalSection
	GlobalSection(ExtensibilityGlobals) = postSolution
		SolutionGuid = {5E2EFFFF-42BD-4FD4-9DE1-F065EEBB6749}
	EndGlobalSection
EndGlobal
